
Microsoft Visual Studio Solution File, Format Version 12.00
# Visual Studio Version 17
VisualStudioVersion = 17.14.36518.9 d17.14
MinimumVisualStudioVersion = 10.0.40219.1
Project("{8BC9CEB8-8B4A-11D0-8D11-00A0C91BC942}") = "premierPasConan", "premierPasConan\premierPasConan.vcxproj", "{214CB06F-62AB-4760-89D3-78D24D315903}"
EndProject
Global
	GlobalSection(SolutionConfigurationPlatforms) = preSolution
		Debug|x64 = Debug|x64
		Release|x64 = Release|x64
	EndGlobalSection
	GlobalSection(ProjectConfigurationPlatforms) = postSolution
		{214CB06F-62AB-4760-89D3-78D24D315903}.Debug|x64.ActiveCfg = Debug|x64
		{214CB06F-62AB-4760-89D3-78D24D315903}.Debug|x64.Build.0 = Debug|x64
		{214CB06F-62AB-4760-89D3-78D24D315903}.Release|x64.ActiveCfg = Release|x64
		{214CB06F-62AB-4760-89D3-78D24D315903}.Release|x64.Build.0 = Release|x64
	EndGlobalSection
	GlobalSection(SolutionProperties) = preSolution
		HideSolutionNode = FALSE
	EndGlobalSection
	GlobalSection(ExtensibilityGlobals) = postSolution
		SolutionGuid = {75A909D9-9E4C-4ECC-AD14-1938FC16B244}
	EndGlobalSection
EndGlobal
